
Microsoft Visual Studio Solution File, Format Version 12.00
# Visual Studio 15
VisualStudioVersion = 15.0.27428.2037
MinimumVisualStudioVersion = 10.0.40219.1
Project("{FAE04EC0-301F-11D3-BF4B-00C04F79EFBC}") = "dz_0505", "dz_0505\dz_0505.csproj", "{8FD1CFA6-0F3C-4E5C-BBB7-A94CD87BAEC2}"
EndProject
Project("{FAE04EC0-301F-11D3-BF4B-00C04F79EFBC}") = "dz1_3", "dz1_3\dz1_3.csproj", "{BB490B42-443D-4307-8878-CF68E27F20DC}"
EndProject
Project("{FAE04EC0-301F-11D3-BF4B-00C04F79EFBC}") = "dz1_4", "dz1_4\dz1_4.csproj", "{E48A9DDA-11FB-46AA-A8B4-0D44CAAB568A}"
EndProject
Project("{FAE04EC0-301F-11D3-BF4B-00C04F79EFBC}") = "dz1_5", "dz1_5\dz1_5.csproj", "{2018DE09-8D94-43F5-9BBF-5420AFCA6C0B}"
EndProject
Project("{FAE04EC0-301F-11D3-BF4B-00C04F79EFBC}") = "dz1_2", "dz1_2\dz1_2.csproj", "{390025DB-7055-4BB5-897E-C3E7733FC723}"
EndProject
Project("{FAE04EC0-301F-11D3-BF4B-00C04F79EFBC}") = "dz2", "dz2\dz2.csproj", "{84DEC535-53ED-4CF2-9E95-D54ED0387326}"
EndProject
Global
	GlobalSection(SolutionConfigurationPlatforms) = preSolution
		Debug|Any CPU = Debug|Any CPU
		Release|Any CPU = Release|Any CPU
	EndGlobalSection
	GlobalSection(ProjectConfigurationPlatforms) = postSolution
		{8FD1CFA6-0F3C-4E5C-BBB7-A94CD87BAEC2}.Debug|Any CPU.ActiveCfg = Debug|Any CPU
		{8FD1CFA6-0F3C-4E5C-BBB7-A94CD87BAEC2}.Debug|Any CPU.Build.0 = Debug|Any CPU
		{8FD1CFA6-0F3C-4E5C-BBB7-A94CD87BAEC2}.Release|Any CPU.ActiveCfg = Release|Any CPU
		{8FD1CFA6-0F3C-4E5C-BBB7-A94CD87BAEC2}.Release|Any CPU.Build.0 = Release|Any CPU
		{BB490B42-443D-4307-8878-CF68E27F20DC}.Debug|Any CPU.ActiveCfg = Debug|Any CPU
		{BB490B42-443D-4307-8878-CF68E27F20DC}.Debug|Any CPU.Build.0 = Debug|Any CPU
		{BB490B42-443D-4307-8878-CF68E27F20DC}.Release|Any CPU.ActiveCfg = Release|Any CPU
		{BB490B42-443D-4307-8878-CF68E27F20DC}.Release|Any CPU.Build.0 = Release|Any CPU
		{E48A9DDA-11FB-46AA-A8B4-0D44CAAB568A}.Debug|Any CPU.ActiveCfg = Debug|Any CPU
		{E48A9DDA-11FB-46AA-A8B4-0D44CAAB568A}.Debug|Any CPU.Build.0 = Debug|Any CPU
		{E48A9DDA-11FB-46AA-A8B4-0D44CAAB568A}.Release|Any CPU.ActiveCfg = Release|Any CPU
		{E48A9DDA-11FB-46AA-A8B4-0D44CAAB568A}.Release|Any CPU.Build.0 = Release|Any CPU
		{2018DE09-8D94-43F5-9BBF-5420AFCA6C0B}.Debug|Any CPU.ActiveCfg = Debug|Any CPU
		{2018DE09-8D94-43F5-9BBF-5420AFCA6C0B}.Debug|Any CPU.Build.0 = Debug|Any CPU
		{2018DE09-8D94-43F5-9BBF-5420AFCA6C0B}.Release|Any CPU.ActiveCfg = Release|Any CPU
		{2018DE09-8D94-43F5-9BBF-5420AFCA6C0B}.Release|Any CPU.Build.0 = Release|Any CPU
		{390025DB-7055-4BB5-897E-C3E7733FC723}.Debug|Any CPU.ActiveCfg = Debug|Any CPU
		{390025DB-7055-4BB5-897E-C3E7733FC723}.Debug|Any CPU.Build.0 = Debug|Any CPU
		{390025DB-7055-4BB5-897E-C3E7733FC723}.Release|Any CPU.ActiveCfg = Release|Any CPU
		{390025DB-7055-4BB5-897E-C3E7733FC723}.Release|Any CPU.Build.0 = Release|Any CPU
		{84DEC535-53ED-4CF2-9E95-D54ED0387326}.Debug|Any CPU.ActiveCfg = Debug|Any CPU
		{84DEC535-53ED-4CF2-9E95-D54ED0387326}.Debug|Any CPU.Build.0 = Debug|Any CPU
		{84DEC535-53ED-4CF2-9E95-D54ED0387326}.Release|Any CPU.ActiveCfg = Release|Any CPU
		{84DEC535-53ED-4CF2-9E95-D54ED0387326}.Release|Any CPU.Build.0 = Release|Any CPU
	EndGlobalSection
	GlobalSection(SolutionProperties) = preSolution
		HideSolutionNode = FALSE
	EndGlobalSection
	GlobalSection(ExtensibilityGlobals) = postSolution
		SolutionGuid = {C45D97BB-EA1E-4DB3-8E58-B2951A2D7476}
	EndGlobalSection
EndGlobal
